
Microsoft Visual Studio Solution File, Format Version 12.00
# Visual Studio Version 16
VisualStudioVersion = 16.0.31025.194
MinimumVisualStudioVersion = 10.0.40219.1
Project("{FAE04EC0-301F-11D3-BF4B-00C04F79EFBC}") = "ByteBank", "ByteBank\ByteBank.csproj", "{B37250EC-32FE-4F61-9C4D-8C9F270FC97A}"
EndProject
Global
	GlobalSection(SolutionConfigurationPlatforms) = preSolution
		Debug|Any CPU = Debug|Any CPU
		Release|Any CPU = Release|Any CPU
	EndGlobalSection
	GlobalSection(ProjectConfigurationPlatforms) = postSolution
		{B37250EC-32FE-4F61-9C4D-8C9F270FC97A}.Debug|Any CPU.ActiveCfg = Debug|Any CPU
		{B37250EC-32FE-4F61-9C4D-8C9F270FC97A}.Debug|Any CPU.Build.0 = Debug|Any CPU
		{B37250EC-32FE-4F61-9C4D-8C9F270FC97A}.Release|Any CPU.ActiveCfg = Release|Any CPU
		{B37250EC-32FE-4F61-9C4D-8C9F270FC97A}.Release|Any CPU.Build.0 = Release|Any CPU
	EndGlobalSection
	GlobalSection(SolutionProperties) = preSolution
		HideSolutionNode = FALSE
	EndGlobalSection
	GlobalSection(ExtensibilityGlobals) = postSolution
		SolutionGuid = {62E1AA01-E91E-4CD4-A90F-525F8AF0D850}
	EndGlobalSection
EndGlobal
